
Microsoft Visual Studio Solution File, Format Version 12.00
# Visual Studio Version 17
VisualStudioVersion = 17.12.35707.178 d17.12
MinimumVisualStudioVersion = 10.0.40219.1
Project("{FAE04EC0-301F-11D3-BF4B-00C04F79EFBC}") = "ArchiToolkit.PureConst.Analyzer", "src\analyzers\ArchiToolkit.PureConst.Analyzer\ArchiToolkit.PureConst.Analyzer.csproj", "{BBABB8BD-18B1-4203-BAAD-774EAB747942}"
EndProject
Project("{FAE04EC0-301F-11D3-BF4B-00C04F79EFBC}") = "ArchiToolkit.Assertions", "src\libraries\ArchiToolkit.Assertions\ArchiToolkit.Assertions.csproj", "{92BD61C0-02F8-4E26-A6A8-9403646E4C42}"
EndProject
Project("{FAE04EC0-301F-11D3-BF4B-00C04F79EFBC}") = "ArchiToolkit.Console", "tests\ArchiToolkit.Console\ArchiToolkit.Console.csproj", "{C1023E10-C928-43B3-8051-5EC91898CF8B}"
EndProject
Project("{FAE04EC0-301F-11D3-BF4B-00C04F79EFBC}") = "ArchiToolkit.PureConst.Tests", "tests\ArchiToolkit.PureConst.Tests\ArchiToolkit.PureConst.Tests.csproj", "{66F2B9EC-3A07-40A3-B633-5AC8C7F0E108}"
EndProject
Project("{FAE04EC0-301F-11D3-BF4B-00C04F79EFBC}") = "ArchiToolkit.Assertions.Tests", "tests\ArchiToolkit.Assertions.Tests\ArchiToolkit.Assertions.Tests.csproj", "{7145BF83-C901-4886-B377-BE3E02553B4A}"
EndProject
Project("{2150E333-8FDC-42A3-9474-1A3956D46DE8}") = "src", "src", "{752493CD-971A-4559-B5F1-C931C2AB58BE}"
EndProject
Project("{FAE04EC0-301F-11D3-BF4B-00C04F79EFBC}") = "ArchiToolkit.Assertions.Logging", "src\libraries\ArchiToolkit.Assertions.Logging\ArchiToolkit.Assertions.Logging.csproj", "{D22419AF-0ED1-446A-B64B-C567EA383586}"
EndProject
Project("{9A19103F-16F7-4668-BE54-9A1E7A4F7556}") = "NukeBuilder", "build\NukeBuilder.csproj", "{B37146A5-7936-47DD-A517-333A4A2A8546}"
EndProject
Project("{FAE04EC0-301F-11D3-BF4B-00C04F79EFBC}") = "ArchiToolkit.PureConst", "src\libraries\ArchiToolkit.PureConst\ArchiToolkit.PureConst.csproj", "{305AF198-B752-414A-8BF3-2E698EF01FED}"
	ProjectSection(ProjectDependencies) = postProject
		{BBABB8BD-18B1-4203-BAAD-774EAB747942} = {BBABB8BD-18B1-4203-BAAD-774EAB747942}
	EndProjectSection
EndProject
Project("{2150E333-8FDC-42A3-9474-1A3956D46DE8}") = "build", "build", "{0859616C-E20D-4489-9F84-271ED8CD4805}"
	ProjectSection(SolutionItems) = preProject
		.gitignore = .gitignore
		Directory.Build.props = Directory.Build.props
		README.md = README.md
		Directory.Packages.props = Directory.Packages.props
	EndProjectSection
EndProject
Project("{FAE04EC0-301F-11D3-BF4B-00C04F79EFBC}") = "ArchiToolkit.InterpolatedParser", "src\libraries\ArchiToolkit.InterpolatedParser\ArchiToolkit.InterpolatedParser.csproj", "{007E82FD-1972-4DF4-A7BF-E75BE39E15B4}"
	ProjectSection(ProjectDependencies) = postProject
		{0271376B-659F-4175-9B1B-D271697A0365} = {0271376B-659F-4175-9B1B-D271697A0365}
	EndProjectSection
EndProject
Project("{FAE04EC0-301F-11D3-BF4B-00C04F79EFBC}") = "ArchiToolkit.RoslynHelper", "src\libraries\ArchiToolkit.RoslynHelper\ArchiToolkit.RoslynHelper.csproj", "{F053AFA6-8B7B-4813-8719-93209A62B872}"
EndProject
Project("{FAE04EC0-301F-11D3-BF4B-00C04F79EFBC}") = "ArchiToolkit.InterpolatedParser.Tests", "tests\ArchiToolkit.InterpolatedParser.Tests\ArchiToolkit.InterpolatedParser.Tests.csproj", "{8B09ACD7-A374-4D33-B4E2-7FECD7E47DC0}"
EndProject
Project("{FAE04EC0-301F-11D3-BF4B-00C04F79EFBC}") = "ArchiToolkit.InterpolatedParser.SourceGenerator", "src\analyzers\ArchiToolkit.InterpolatedParser.SourceGenerator\ArchiToolkit.InterpolatedParser.SourceGenerator.csproj", "{0271376B-659F-4175-9B1B-D271697A0365}"
EndProject
Project("{FAE04EC0-301F-11D3-BF4B-00C04F79EFBC}") = "ArchiToolkit.InterpolatedParser.Sources", "src\libraries\ArchiToolkit.InterpolatedParser.Sources\ArchiToolkit.InterpolatedParser.Sources.csproj", "{586FA317-8412-46E0-B768-3BD190AB2B79}"
EndProject
Project("{2150E333-8FDC-42A3-9474-1A3956D46DE8}") = "InterpolatedParser", "InterpolatedParser", "{C8B0ABE2-666B-4B0E-B4D3-25937769EE4F}"
EndProject
Project("{2150E333-8FDC-42A3-9474-1A3956D46DE8}") = "Assertions", "Assertions", "{5839FE18-49B3-4E86-93E8-F465943B1885}"
EndProject
Project("{2150E333-8FDC-42A3-9474-1A3956D46DE8}") = "PureConst", "PureConst", "{3C4FBC59-6A99-4AF8-B24B-3C57256F1251}"
EndProject
Project("{2150E333-8FDC-42A3-9474-1A3956D46DE8}") = "Fluent", "Fluent", "{C40CB50D-D8A5-4267-A0DB-E24911B80E5F}"
EndProject
Project("{FAE04EC0-301F-11D3-BF4B-00C04F79EFBC}") = "ArchiToolkit.Fluent", "src\libraries\ArchiToolkit.Fluent\ArchiToolkit.Fluent.csproj", "{3D4A7F69-466B-40FA-AC81-D4488CC007AD}"
	ProjectSection(ProjectDependencies) = postProject
		{3490DEB1-6611-4F1B-A044-F4F92E77EFA1} = {3490DEB1-6611-4F1B-A044-F4F92E77EFA1}
	EndProjectSection
EndProject
Project("{FAE04EC0-301F-11D3-BF4B-00C04F79EFBC}") = "ArchiToolkit.Fluent.SourceGenerator", "src\analyzers\ArchiToolkit.Fluent.SourceGenerator\ArchiToolkit.Fluent.SourceGenerator.csproj", "{3490DEB1-6611-4F1B-A044-F4F92E77EFA1}"
EndProject
Project("{FAE04EC0-301F-11D3-BF4B-00C04F79EFBC}") = "ArchiToolkit.Fluent.Tests", "tests\ArchiToolkit.Fluent.Tests\ArchiToolkit.Fluent.Tests.csproj", "{053FB41D-9490-4C6F-9B3E-B0F1A5154A4E}"
EndProject
Project("{2150E333-8FDC-42A3-9474-1A3956D46DE8}") = "Grasshopper", "Grasshopper", "{23F577BA-37E9-4BF2-8957-6801EAF882EB}"
	ProjectSection(SolutionItems) = preProject
		src\libraries\ArchiToolkit.Grasshopper\ArchiToolkit.Grasshopper.targets = src\libraries\ArchiToolkit.Grasshopper\ArchiToolkit.Grasshopper.targets
	EndProjectSection
EndProject
Project("{FAE04EC0-301F-11D3-BF4B-00C04F79EFBC}") = "ArchiToolkit.Grasshopper", "src\libraries\ArchiToolkit.Grasshopper\ArchiToolkit.Grasshopper.csproj", "{7B4F8193-E9A1-4B63-A3EE-9CA16079AE3B}"
	ProjectSection(ProjectDependencies) = postProject
		{532CF3F0-48CC-4A08-BE79-7EEE5C463B44} = {532CF3F0-48CC-4A08-BE79-7EEE5C463B44}
	EndProjectSection
EndProject
Project("{FAE04EC0-301F-11D3-BF4B-00C04F79EFBC}") = "ArchiToolkit.Grasshopper.SourceGenerator", "src\analyzers\ArchiToolkit.Grasshopper.SourceGenerator\ArchiToolkit.Grasshopper.SourceGenerator.csproj", "{532CF3F0-48CC-4A08-BE79-7EEE5C463B44}"
EndProject
Project("{FAE04EC0-301F-11D3-BF4B-00C04F79EFBC}") = "ArchiToolkit.Grasshopper.Instance", "tests\ArchiToolkit.Grasshopper.Instance\ArchiToolkit.Grasshopper.Instance.csproj", "{31552682-9BEF-49E9-B683-AC3B26EBA24E}"
EndProject
Project("{FAE04EC0-301F-11D3-BF4B-00C04F79EFBC}") = "ArchiToolkit.Grasshopper.Sources", "src\libraries\ArchiToolkit.Grasshopper.Sources\ArchiToolkit.Grasshopper.Sources.csproj", "{F1BE5A2D-86D3-43DC-BB4E-76C14B15C7B7}"
EndProject
Project("{FAE04EC0-301F-11D3-BF4B-00C04F79EFBC}") = "ArchiToolkit.Assertions.FluentValidation", "src\libraries\ArchiToolkit.Assertions.FluentValidation\ArchiToolkit.Assertions.FluentValidation.csproj", "{C8A52917-709C-4BF4-9E5F-2ECF7CEE8580}"
EndProject
Project("{2150E333-8FDC-42A3-9474-1A3956D46DE8}") = "CppInteropGen", "CppInteropGen", "{6CD726FE-A185-4878-B57A-DF9CA2466D51}"
EndProject
Project("{FAE04EC0-301F-11D3-BF4B-00C04F79EFBC}") = "ArchiToolkit.CppInteropGen", "src\libraries\ArchiToolkit.CppInteropGen\ArchiToolkit.CppInteropGen.csproj", "{17FC80CD-877D-4878-B8DF-E5335C15E26E}"
	ProjectSection(ProjectDependencies) = postProject
		{42293C6E-693B-44BB-AA69-A8D431F322BB} = {42293C6E-693B-44BB-AA69-A8D431F322BB}
	EndProjectSection
EndProject
Project("{FAE04EC0-301F-11D3-BF4B-00C04F79EFBC}") = "ArchiToolkit.CppInteropGen.SourceGenerator", "src\analyzers\ArchiToolkit.CppInteropGen.SourceGenerator\ArchiToolkit.CppInteropGen.SourceGenerator.csproj", "{42293C6E-693B-44BB-AA69-A8D431F322BB}"
EndProject
Project("{2150E333-8FDC-42A3-9474-1A3956D46DE8}") = "ValidResults", "ValidResults", "{76CD1180-2DAA-482D-8D88-41390217A619}"
EndProject
Project("{FAE04EC0-301F-11D3-BF4B-00C04F79EFBC}") = "ArchiToolkit.ValidResults", "src\libraries\ArchiToolkit.ValidResults\ArchiToolkit.ValidResults.csproj", "{393A8659-2C09-4F03-9804-2900ABDCED4F}"
	ProjectSection(ProjectDependencies) = postProject
		{1A1D841D-AA54-4C69-8D65-9A904CD5935D} = {1A1D841D-AA54-4C69-8D65-9A904CD5935D}
	EndProjectSection
EndProject
Project("{FAE04EC0-301F-11D3-BF4B-00C04F79EFBC}") = "ArchiToolkit.ValidResults.SourceGenerator", "src\analyzers\ArchiToolkit.ValidResults.SourceGenerator\ArchiToolkit.ValidResults.SourceGenerator.csproj", "{1A1D841D-AA54-4C69-8D65-9A904CD5935D}"
EndProject
Project("{2150E333-8FDC-42A3-9474-1A3956D46DE8}") = "QuantExtensions", "QuantExtensions", "{F10B3FE4-E764-496D-BCE3-7CA811C52985}"
EndProject
Project("{FAE04EC0-301F-11D3-BF4B-00C04F79EFBC}") = "ArchiToolkit.QuantExtensions", "src\libraries\ArchiToolkit.QuantExtensions\ArchiToolkit.QuantExtensions.csproj", "{B5FD965C-D769-45F5-AF3A-AC4378E66EFD}"
	ProjectSection(ProjectDependencies) = postProject
		{BEE2134C-AD0C-4635-8916-A0197B56EAA8} = {BEE2134C-AD0C-4635-8916-A0197B56EAA8}
	EndProjectSection
EndProject
Project("{FAE04EC0-301F-11D3-BF4B-00C04F79EFBC}") = "ArchiToolkit.QuantExtensions.SourceGenerator", "src\analyzers\ArchiToolkit.QuantExtensions.SourceGenerator\ArchiToolkit.QuantExtensions.SourceGenerator.csproj", "{BEE2134C-AD0C-4635-8916-A0197B56EAA8}"
EndProject
Project("{2150E333-8FDC-42A3-9474-1A3956D46DE8}") = "QuantExtensions", "QuantExtensions", "{A1A2A571-4C49-47EA-8521-2941DB5078D0}"
EndProject
Global
	GlobalSection(SolutionConfigurationPlatforms) = preSolution
		Debug|Any CPU = Debug|Any CPU
		Release|Any CPU = Release|Any CPU
	EndGlobalSection
	GlobalSection(ProjectConfigurationPlatforms) = postSolution
		{B37146A5-7936-47DD-A517-333A4A2A8546}.Debug|Any CPU.ActiveCfg = Debug|Any CPU
		{B37146A5-7936-47DD-A517-333A4A2A8546}.Release|Any CPU.ActiveCfg = Release|Any CPU
		{BBABB8BD-18B1-4203-BAAD-774EAB747942}.Debug|Any CPU.ActiveCfg = Debug|Any CPU
		{BBABB8BD-18B1-4203-BAAD-774EAB747942}.Debug|Any CPU.Build.0 = Debug|Any CPU
		{BBABB8BD-18B1-4203-BAAD-774EAB747942}.Release|Any CPU.ActiveCfg = Release|Any CPU
		{BBABB8BD-18B1-4203-BAAD-774EAB747942}.Release|Any CPU.Build.0 = Release|Any CPU
		{92BD61C0-02F8-4E26-A6A8-9403646E4C42}.Debug|Any CPU.ActiveCfg = Debug|Any CPU
		{92BD61C0-02F8-4E26-A6A8-9403646E4C42}.Debug|Any CPU.Build.0 = Debug|Any CPU
		{92BD61C0-02F8-4E26-A6A8-9403646E4C42}.Release|Any CPU.ActiveCfg = Release|Any CPU
		{92BD61C0-02F8-4E26-A6A8-9403646E4C42}.Release|Any CPU.Build.0 = Release|Any CPU
		{C1023E10-C928-43B3-8051-5EC91898CF8B}.Debug|Any CPU.ActiveCfg = Debug|Any CPU
		{C1023E10-C928-43B3-8051-5EC91898CF8B}.Debug|Any CPU.Build.0 = Debug|Any CPU
		{C1023E10-C928-43B3-8051-5EC91898CF8B}.Release|Any CPU.ActiveCfg = Release|Any CPU
		{C1023E10-C928-43B3-8051-5EC91898CF8B}.Release|Any CPU.Build.0 = Release|Any CPU
		{66F2B9EC-3A07-40A3-B633-5AC8C7F0E108}.Debug|Any CPU.ActiveCfg = Debug|Any CPU
		{66F2B9EC-3A07-40A3-B633-5AC8C7F0E108}.Debug|Any CPU.Build.0 = Debug|Any CPU
		{66F2B9EC-3A07-40A3-B633-5AC8C7F0E108}.Release|Any CPU.ActiveCfg = Release|Any CPU
		{66F2B9EC-3A07-40A3-B633-5AC8C7F0E108}.Release|Any CPU.Build.0 = Release|Any CPU
		{7145BF83-C901-4886-B377-BE3E02553B4A}.Debug|Any CPU.ActiveCfg = Debug|Any CPU
		{7145BF83-C901-4886-B377-BE3E02553B4A}.Debug|Any CPU.Build.0 = Debug|Any CPU
		{7145BF83-C901-4886-B377-BE3E02553B4A}.Release|Any CPU.ActiveCfg = Release|Any CPU
		{7145BF83-C901-4886-B377-BE3E02553B4A}.Release|Any CPU.Build.0 = Release|Any CPU
		{D22419AF-0ED1-446A-B64B-C567EA383586}.Debug|Any CPU.ActiveCfg = Debug|Any CPU
		{D22419AF-0ED1-446A-B64B-C567EA383586}.Debug|Any CPU.Build.0 = Debug|Any CPU
		{D22419AF-0ED1-446A-B64B-C567EA383586}.Release|Any CPU.ActiveCfg = Release|Any CPU
		{D22419AF-0ED1-446A-B64B-C567EA383586}.Release|Any CPU.Build.0 = Release|Any CPU
		{305AF198-B752-414A-8BF3-2E698EF01FED}.Debug|Any CPU.ActiveCfg = Debug|Any CPU
		{305AF198-B752-414A-8BF3-2E698EF01FED}.Debug|Any CPU.Build.0 = Debug|Any CPU
		{305AF198-B752-414A-8BF3-2E698EF01FED}.Release|Any CPU.ActiveCfg = Release|Any CPU
		{305AF198-B752-414A-8BF3-2E698EF01FED}.Release|Any CPU.Build.0 = Release|Any CPU
		{007E82FD-1972-4DF4-A7BF-E75BE39E15B4}.Debug|Any CPU.ActiveCfg = Debug|Any CPU
		{007E82FD-1972-4DF4-A7BF-E75BE39E15B4}.Debug|Any CPU.Build.0 = Debug|Any CPU
		{007E82FD-1972-4DF4-A7BF-E75BE39E15B4}.Release|Any CPU.ActiveCfg = Release|Any CPU
		{007E82FD-1972-4DF4-A7BF-E75BE39E15B4}.Release|Any CPU.Build.0 = Release|Any CPU
		{F053AFA6-8B7B-4813-8719-93209A62B872}.Debug|Any CPU.ActiveCfg = Debug|Any CPU
		{F053AFA6-8B7B-4813-8719-93209A62B872}.Debug|Any CPU.Build.0 = Debug|Any CPU
		{F053AFA6-8B7B-4813-8719-93209A62B872}.Release|Any CPU.ActiveCfg = Release|Any CPU
		{F053AFA6-8B7B-4813-8719-93209A62B872}.Release|Any CPU.Build.0 = Release|Any CPU
		{8B09ACD7-A374-4D33-B4E2-7FECD7E47DC0}.Debug|Any CPU.ActiveCfg = Debug|Any CPU
		{8B09ACD7-A374-4D33-B4E2-7FECD7E47DC0}.Debug|Any CPU.Build.0 = Debug|Any CPU
		{8B09ACD7-A374-4D33-B4E2-7FECD7E47DC0}.Release|Any CPU.ActiveCfg = Release|Any CPU
		{8B09ACD7-A374-4D33-B4E2-7FECD7E47DC0}.Release|Any CPU.Build.0 = Release|Any CPU
		{0271376B-659F-4175-9B1B-D271697A0365}.Debug|Any CPU.ActiveCfg = Debug|Any CPU
		{0271376B-659F-4175-9B1B-D271697A0365}.Debug|Any CPU.Build.0 = Debug|Any CPU
		{0271376B-659F-4175-9B1B-D271697A0365}.Release|Any CPU.ActiveCfg = Release|Any CPU
		{0271376B-659F-4175-9B1B-D271697A0365}.Release|Any CPU.Build.0 = Release|Any CPU
		{586FA317-8412-46E0-B768-3BD190AB2B79}.Debug|Any CPU.ActiveCfg = Debug|Any CPU
		{586FA317-8412-46E0-B768-3BD190AB2B79}.Release|Any CPU.ActiveCfg = Release|Any CPU
		{3D4A7F69-466B-40FA-AC81-D4488CC007AD}.Debug|Any CPU.ActiveCfg = Debug|Any CPU
		{3D4A7F69-466B-40FA-AC81-D4488CC007AD}.Debug|Any CPU.Build.0 = Debug|Any CPU
		{3D4A7F69-466B-40FA-AC81-D4488CC007AD}.Release|Any CPU.ActiveCfg = Release|Any CPU
		{3D4A7F69-466B-40FA-AC81-D4488CC007AD}.Release|Any CPU.Build.0 = Release|Any CPU
		{3490DEB1-6611-4F1B-A044-F4F92E77EFA1}.Debug|Any CPU.ActiveCfg = Debug|Any CPU
		{3490DEB1-6611-4F1B-A044-F4F92E77EFA1}.Debug|Any CPU.Build.0 = Debug|Any CPU
		{3490DEB1-6611-4F1B-A044-F4F92E77EFA1}.Release|Any CPU.ActiveCfg = Release|Any CPU
		{3490DEB1-6611-4F1B-A044-F4F92E77EFA1}.Release|Any CPU.Build.0 = Release|Any CPU
		{053FB41D-9490-4C6F-9B3E-B0F1A5154A4E}.Debug|Any CPU.ActiveCfg = Debug|Any CPU
		{053FB41D-9490-4C6F-9B3E-B0F1A5154A4E}.Debug|Any CPU.Build.0 = Debug|Any CPU
		{053FB41D-9490-4C6F-9B3E-B0F1A5154A4E}.Release|Any CPU.ActiveCfg = Release|Any CPU
		{053FB41D-9490-4C6F-9B3E-B0F1A5154A4E}.Release|Any CPU.Build.0 = Release|Any CPU
		{7B4F8193-E9A1-4B63-A3EE-9CA16079AE3B}.Debug|Any CPU.ActiveCfg = Debug|Any CPU
		{7B4F8193-E9A1-4B63-A3EE-9CA16079AE3B}.Debug|Any CPU.Build.0 = Debug|Any CPU
		{7B4F8193-E9A1-4B63-A3EE-9CA16079AE3B}.Release|Any CPU.ActiveCfg = Release|Any CPU
		{7B4F8193-E9A1-4B63-A3EE-9CA16079AE3B}.Release|Any CPU.Build.0 = Release|Any CPU
		{532CF3F0-48CC-4A08-BE79-7EEE5C463B44}.Debug|Any CPU.ActiveCfg = Debug|Any CPU
		{532CF3F0-48CC-4A08-BE79-7EEE5C463B44}.Debug|Any CPU.Build.0 = Debug|Any CPU
		{532CF3F0-48CC-4A08-BE79-7EEE5C463B44}.Release|Any CPU.ActiveCfg = Release|Any CPU
		{532CF3F0-48CC-4A08-BE79-7EEE5C463B44}.Release|Any CPU.Build.0 = Release|Any CPU
		{31552682-9BEF-49E9-B683-AC3B26EBA24E}.Debug|Any CPU.ActiveCfg = Debug|Any CPU
		{31552682-9BEF-49E9-B683-AC3B26EBA24E}.Debug|Any CPU.Build.0 = Debug|Any CPU
		{31552682-9BEF-49E9-B683-AC3B26EBA24E}.Release|Any CPU.ActiveCfg = Release|Any CPU
		{31552682-9BEF-49E9-B683-AC3B26EBA24E}.Release|Any CPU.Build.0 = Release|Any CPU
		{F1BE5A2D-86D3-43DC-BB4E-76C14B15C7B7}.Debug|Any CPU.ActiveCfg = Debug|Any CPU
		{F1BE5A2D-86D3-43DC-BB4E-76C14B15C7B7}.Release|Any CPU.ActiveCfg = Release|Any CPU
		{F1BE5A2D-86D3-43DC-BB4E-76C14B15C7B7}.Release|Any CPU.Build.0 = Release|Any CPU
		{C8A52917-709C-4BF4-9E5F-2ECF7CEE8580}.Debug|Any CPU.ActiveCfg = Debug|Any CPU
		{C8A52917-709C-4BF4-9E5F-2ECF7CEE8580}.Debug|Any CPU.Build.0 = Debug|Any CPU
		{C8A52917-709C-4BF4-9E5F-2ECF7CEE8580}.Release|Any CPU.ActiveCfg = Release|Any CPU
		{C8A52917-709C-4BF4-9E5F-2ECF7CEE8580}.Release|Any CPU.Build.0 = Release|Any CPU
		{17FC80CD-877D-4878-B8DF-E5335C15E26E}.Debug|Any CPU.ActiveCfg = Debug|Any CPU
		{17FC80CD-877D-4878-B8DF-E5335C15E26E}.Debug|Any CPU.Build.0 = Debug|Any CPU
		{17FC80CD-877D-4878-B8DF-E5335C15E26E}.Release|Any CPU.ActiveCfg = Release|Any CPU
		{17FC80CD-877D-4878-B8DF-E5335C15E26E}.Release|Any CPU.Build.0 = Release|Any CPU
		{42293C6E-693B-44BB-AA69-A8D431F322BB}.Debug|Any CPU.ActiveCfg = Debug|Any CPU
		{42293C6E-693B-44BB-AA69-A8D431F322BB}.Debug|Any CPU.Build.0 = Debug|Any CPU
		{42293C6E-693B-44BB-AA69-A8D431F322BB}.Release|Any CPU.ActiveCfg = Release|Any CPU
		{42293C6E-693B-44BB-AA69-A8D431F322BB}.Release|Any CPU.Build.0 = Release|Any CPU
		{393A8659-2C09-4F03-9804-2900ABDCED4F}.Debug|Any CPU.ActiveCfg = Debug|Any CPU
		{393A8659-2C09-4F03-9804-2900ABDCED4F}.Debug|Any CPU.Build.0 = Debug|Any CPU
		{393A8659-2C09-4F03-9804-2900ABDCED4F}.Release|Any CPU.ActiveCfg = Release|Any CPU
		{393A8659-2C09-4F03-9804-2900ABDCED4F}.Release|Any CPU.Build.0 = Release|Any CPU
		{1A1D841D-AA54-4C69-8D65-9A904CD5935D}.Debug|Any CPU.ActiveCfg = Debug|Any CPU
		{1A1D841D-AA54-4C69-8D65-9A904CD5935D}.Debug|Any CPU.Build.0 = Debug|Any CPU
		{1A1D841D-AA54-4C69-8D65-9A904CD5935D}.Release|Any CPU.ActiveCfg = Release|Any CPU
		{1A1D841D-AA54-4C69-8D65-9A904CD5935D}.Release|Any CPU.Build.0 = Release|Any CPU
		{B5FD965C-D769-45F5-AF3A-AC4378E66EFD}.Release|Any CPU.ActiveCfg = Release|Any CPU
		{B5FD965C-D769-45F5-AF3A-AC4378E66EFD}.Release|Any CPU.Build.0 = Release|Any CPU
		{B5FD965C-D769-45F5-AF3A-AC4378E66EFD}.Debug|Any CPU.ActiveCfg = Debug|Any CPU
		{B5FD965C-D769-45F5-AF3A-AC4378E66EFD}.Debug|Any CPU.Build.0 = Debug|Any CPU
		{BEE2134C-AD0C-4635-8916-A0197B56EAA8}.Release|Any CPU.ActiveCfg = Release|Any CPU
		{BEE2134C-AD0C-4635-8916-A0197B56EAA8}.Release|Any CPU.Build.0 = Release|Any CPU
		{BEE2134C-AD0C-4635-8916-A0197B56EAA8}.Debug|Any CPU.ActiveCfg = Debug|Any CPU
		{BEE2134C-AD0C-4635-8916-A0197B56EAA8}.Debug|Any CPU.Build.0 = Debug|Any CPU
	EndGlobalSection
	GlobalSection(SolutionProperties) = preSolution
		HideSolutionNode = FALSE
	EndGlobalSection
	GlobalSection(NestedProjects) = preSolution
		{B37146A5-7936-47DD-A517-333A4A2A8546} = {0859616C-E20D-4489-9F84-271ED8CD4805}
		{F053AFA6-8B7B-4813-8719-93209A62B872} = {752493CD-971A-4559-B5F1-C931C2AB58BE}
		{007E82FD-1972-4DF4-A7BF-E75BE39E15B4} = {C8B0ABE2-666B-4B0E-B4D3-25937769EE4F}
		{0271376B-659F-4175-9B1B-D271697A0365} = {C8B0ABE2-666B-4B0E-B4D3-25937769EE4F}
		{586FA317-8412-46E0-B768-3BD190AB2B79} = {C8B0ABE2-666B-4B0E-B4D3-25937769EE4F}
		{8B09ACD7-A374-4D33-B4E2-7FECD7E47DC0} = {C8B0ABE2-666B-4B0E-B4D3-25937769EE4F}
		{92BD61C0-02F8-4E26-A6A8-9403646E4C42} = {5839FE18-49B3-4E86-93E8-F465943B1885}
		{D22419AF-0ED1-446A-B64B-C567EA383586} = {5839FE18-49B3-4E86-93E8-F465943B1885}
		{7145BF83-C901-4886-B377-BE3E02553B4A} = {5839FE18-49B3-4E86-93E8-F465943B1885}
		{5839FE18-49B3-4E86-93E8-F465943B1885} = {752493CD-971A-4559-B5F1-C931C2AB58BE}
		{C8B0ABE2-666B-4B0E-B4D3-25937769EE4F} = {752493CD-971A-4559-B5F1-C931C2AB58BE}
		{3C4FBC59-6A99-4AF8-B24B-3C57256F1251} = {752493CD-971A-4559-B5F1-C931C2AB58BE}
		{66F2B9EC-3A07-40A3-B633-5AC8C7F0E108} = {3C4FBC59-6A99-4AF8-B24B-3C57256F1251}
		{BBABB8BD-18B1-4203-BAAD-774EAB747942} = {3C4FBC59-6A99-4AF8-B24B-3C57256F1251}
		{305AF198-B752-414A-8BF3-2E698EF01FED} = {3C4FBC59-6A99-4AF8-B24B-3C57256F1251}
		{C40CB50D-D8A5-4267-A0DB-E24911B80E5F} = {752493CD-971A-4559-B5F1-C931C2AB58BE}
		{3D4A7F69-466B-40FA-AC81-D4488CC007AD} = {C40CB50D-D8A5-4267-A0DB-E24911B80E5F}
		{3490DEB1-6611-4F1B-A044-F4F92E77EFA1} = {C40CB50D-D8A5-4267-A0DB-E24911B80E5F}
		{053FB41D-9490-4C6F-9B3E-B0F1A5154A4E} = {C40CB50D-D8A5-4267-A0DB-E24911B80E5F}
		{23F577BA-37E9-4BF2-8957-6801EAF882EB} = {752493CD-971A-4559-B5F1-C931C2AB58BE}
		{7B4F8193-E9A1-4B63-A3EE-9CA16079AE3B} = {23F577BA-37E9-4BF2-8957-6801EAF882EB}
		{532CF3F0-48CC-4A08-BE79-7EEE5C463B44} = {23F577BA-37E9-4BF2-8957-6801EAF882EB}
		{31552682-9BEF-49E9-B683-AC3B26EBA24E} = {23F577BA-37E9-4BF2-8957-6801EAF882EB}
		{F1BE5A2D-86D3-43DC-BB4E-76C14B15C7B7} = {23F577BA-37E9-4BF2-8957-6801EAF882EB}
		{C8A52917-709C-4BF4-9E5F-2ECF7CEE8580} = {5839FE18-49B3-4E86-93E8-F465943B1885}
		{6CD726FE-A185-4878-B57A-DF9CA2466D51} = {752493CD-971A-4559-B5F1-C931C2AB58BE}
		{17FC80CD-877D-4878-B8DF-E5335C15E26E} = {6CD726FE-A185-4878-B57A-DF9CA2466D51}
		{42293C6E-693B-44BB-AA69-A8D431F322BB} = {6CD726FE-A185-4878-B57A-DF9CA2466D51}
		{76CD1180-2DAA-482D-8D88-41390217A619} = {752493CD-971A-4559-B5F1-C931C2AB58BE}
		{393A8659-2C09-4F03-9804-2900ABDCED4F} = {76CD1180-2DAA-482D-8D88-41390217A619}
		{1A1D841D-AA54-4C69-8D65-9A904CD5935D} = {76CD1180-2DAA-482D-8D88-41390217A619}
		{A1A2A571-4C49-47EA-8521-2941DB5078D0} = {752493CD-971A-4559-B5F1-C931C2AB58BE}
		{B5FD965C-D769-45F5-AF3A-AC4378E66EFD} = {A1A2A571-4C49-47EA-8521-2941DB5078D0}
		{BEE2134C-AD0C-4635-8916-A0197B56EAA8} = {A1A2A571-4C49-47EA-8521-2941DB5078D0}
	EndGlobalSection
EndGlobal
